hash: adf64fe09e35f1c14f5c18a9ba955e2d2c0909bc097880fbf14cce51b3e44295
updated: 2017-04-22T13:23:16.220217324+09:00
imports:
- name: github.com/BurntSushi/toml
  version: b26d9c308763d68093482582cea63d69be07a0f0
- name: github.com/mitchellh/go-homedir
  version: b8bc1bf767474819792c23f32d8286a45736f1c6
testImports: []
