# This file is autogenerated, do not edit; changes may be undone by the next 'dep ensure'.


[[projects]]
  name = "github.com/BurntSushi/toml"
  packages = ["."]
  revision = "b26d9c308763d68093482582cea63d69be07a0f0"
  version = "v0.3.0"

[[projects]]
  branch = "master"
  name = "github.com/mitchellh/go-homedir"
  packages = ["."]
  revision = "3864e76763d94a6df2f9960b16a20a33da9f9a66"

[solve-meta]
  analyzer-name = "dep"
  analyzer-version = 1
  inputs-digest = "a529c129eeebc686eaca873d1fbfca1831b4c58480918d4373b5c9e01703967d"
  solver-name = "gps-cdcl"
  solver-version = 1
